Microsoft Visual Studio Solution File, Format Version 12.00
# Visual Studio 15
VisualStudioVersion = 15.0.27004.2005
MinimumVisualStudioVersion = 10.0.40219.1
Project("{FAE04EC0-301F-11D3-BF4B-00C04F79EFBC}") = "SystemsMonitor", "SystemsMonitor.csproj", "{B0A42780-BBDE-44C1-92B9-DB285AD3ABA6}"
EndProject
Project("{FAE04EC0-301F-11D3-BF4B-00C04F79EFBC}") = "SystemsMonitorService", "SystemsMonitorService\SystemsMonitorService.csproj", "{7232B414-FCA5-49F9-970F-525BB6226C48}"
EndProject
Project("{54435603-DBB4-11D2-8724-00A0C9A8B90C}") = "SystemsMonitorSetup", "SystemsMonitorSetup\SystemsMonitorSetup.vdproj", "{56AA4101-11BE-4E57-99EC-1F91564F3180}"
EndProject
Global
	GlobalSection(SolutionConfigurationPlatforms) = preSolution
		Debug|Any CPU = Debug|Any CPU
		Release|Any CPU = Release|Any CPU
	EndGlobalSection
	GlobalSection(ProjectConfigurationPlatforms) = postSolution
		{B0A42780-BBDE-44C1-92B9-DB285AD3ABA6}.Debug|Any CPU.ActiveCfg = Debug|Any CPU
		{B0A42780-BBDE-44C1-92B9-DB285AD3ABA6}.Debug|Any CPU.Build.0 = Debug|Any CPU
		{B0A42780-BBDE-44C1-92B9-DB285AD3ABA6}.Release|Any CPU.ActiveCfg = Release|Any CPU
		{B0A42780-BBDE-44C1-92B9-DB285AD3ABA6}.Release|Any CPU.Build.0 = Release|Any CPU
		{7232B414-FCA5-49F9-970F-525BB6226C48}.Debug|Any CPU.ActiveCfg = Debug|Any CPU
		{7232B414-FCA5-49F9-970F-525BB6226C48}.Debug|Any CPU.Build.0 = Debug|Any CPU
		{7232B414-FCA5-49F9-970F-525BB6226C48}.Release|Any CPU.ActiveCfg = Release|Any CPU
		{7232B414-FCA5-49F9-970F-525BB6226C48}.Release|Any CPU.Build.0 = Release|Any CPU
		{56AA4101-11BE-4E57-99EC-1F91564F3180}.Debug|Any CPU.ActiveCfg = Debug
		{56AA4101-11BE-4E57-99EC-1F91564F3180}.Debug|Any CPU.Build.0 = Debug
		{56AA4101-11BE-4E57-99EC-1F91564F3180}.Release|Any CPU.ActiveCfg = Release
		{56AA4101-11BE-4E57-99EC-1F91564F3180}.Release|Any CPU.Build.0 = Release
	EndGlobalSection
	GlobalSection(SolutionProperties) = preSolution
		HideSolutionNode = FALSE
	EndGlobalSection
	GlobalSection(ExtensibilityGlobals) = postSolution
		SolutionGuid = {01C50BA3-C686-4E38-AF62-8982C885A2F1}
	EndGlobalSection
EndGlobal
